
Microsoft Visual Studio Solution File, Format Version 12.00
# Visual Studio Version 17
VisualStudioVersion = 17.0.31903.59
MinimumVisualStudioVersion = 10.0.40219.1
Project("{2150E333-8FDC-42A3-9474-1A3956D46DE8}") = "src", "src", "{827E0CD3-B72D-47B6-A68D-7590B98EB39B}"
EndProject
Project("{FAE04EC0-301F-11D3-BF4B-00C04F79EFBC}") = "Graph", "src\Graph\Graph.csproj", "{5125C10A-BA50-4333-A6B8-B3F6623BAA5C}"
EndProject
Project("{2150E333-8FDC-42A3-9474-1A3956D46DE8}") = "examples", "examples", "{B36A84DF-456D-A817-6EDD-3EC3E7F6E11F}"
EndProject
Project("{FAE04EC0-301F-11D3-BF4B-00C04F79EFBC}") = "CreateGraph", "examples\CreateExamples\CreateGraph\CreateGraph.csproj", "{332D90D0-F5A0-4A86-AFED-341FF7378DE0}"
EndProject
Project("{FAE04EC0-301F-11D3-BF4B-00C04F79EFBC}") = "Algorithm", "src\Algorithm\Algorithm.csproj", "{44AABE95-3C75-4AF5-BDEC-FEEFE89012A6}"
EndProject
Project("{FAE04EC0-301F-11D3-BF4B-00C04F79EFBC}") = "GtfsPlanner", "examples\GtfsPlanner\GtfsPlanner.csproj", "{5D9AF55F-2EE6-43A2-9860-B3E29F0CBCD7}"
EndProject
Project("{FAE04EC0-301F-11D3-BF4B-00C04F79EFBC}") = "Algorithm.Test", "src\Algorithm.Test\Algorithm.Test.csproj", "{4EAB009C-A8B4-435F-ADB9-492CBCB9239C}"
EndProject
Project("{FAE04EC0-301F-11D3-BF4B-00C04F79EFBC}") = "Graph.Test", "src\Graph.Test\Graph.Test.csproj", "{53A32953-C482-4D54-8C6C-527551EEAB93}"
EndProject
Global
	GlobalSection(SolutionConfigurationPlatforms) = preSolution
		Debug|Any CPU = Debug|Any CPU
		Debug|x64 = Debug|x64
		Debug|x86 = Debug|x86
		Release|Any CPU = Release|Any CPU
		Release|x64 = Release|x64
		Release|x86 = Release|x86
	EndGlobalSection
	GlobalSection(ProjectConfigurationPlatforms) = postSolution
		{5125C10A-BA50-4333-A6B8-B3F6623BAA5C}.Debug|Any CPU.ActiveCfg = Debug|Any CPU
		{5125C10A-BA50-4333-A6B8-B3F6623BAA5C}.Debug|Any CPU.Build.0 = Debug|Any CPU
		{5125C10A-BA50-4333-A6B8-B3F6623BAA5C}.Debug|x64.ActiveCfg = Debug|Any CPU
		{5125C10A-BA50-4333-A6B8-B3F6623BAA5C}.Debug|x64.Build.0 = Debug|Any CPU
		{5125C10A-BA50-4333-A6B8-B3F6623BAA5C}.Debug|x86.ActiveCfg = Debug|Any CPU
		{5125C10A-BA50-4333-A6B8-B3F6623BAA5C}.Debug|x86.Build.0 = Debug|Any CPU
		{5125C10A-BA50-4333-A6B8-B3F6623BAA5C}.Release|Any CPU.ActiveCfg = Release|Any CPU
		{5125C10A-BA50-4333-A6B8-B3F6623BAA5C}.Release|Any CPU.Build.0 = Release|Any CPU
		{5125C10A-BA50-4333-A6B8-B3F6623BAA5C}.Release|x64.ActiveCfg = Release|Any CPU
		{5125C10A-BA50-4333-A6B8-B3F6623BAA5C}.Release|x64.Build.0 = Release|Any CPU
		{5125C10A-BA50-4333-A6B8-B3F6623BAA5C}.Release|x86.ActiveCfg = Release|Any CPU
		{5125C10A-BA50-4333-A6B8-B3F6623BAA5C}.Release|x86.Build.0 = Release|Any CPU
		{332D90D0-F5A0-4A86-AFED-341FF7378DE0}.Debug|Any CPU.ActiveCfg = Debug|Any CPU
		{332D90D0-F5A0-4A86-AFED-341FF7378DE0}.Debug|Any CPU.Build.0 = Debug|Any CPU
		{332D90D0-F5A0-4A86-AFED-341FF7378DE0}.Debug|x64.ActiveCfg = Debug|Any CPU
		{332D90D0-F5A0-4A86-AFED-341FF7378DE0}.Debug|x64.Build.0 = Debug|Any CPU
		{332D90D0-F5A0-4A86-AFED-341FF7378DE0}.Debug|x86.ActiveCfg = Debug|Any CPU
		{332D90D0-F5A0-4A86-AFED-341FF7378DE0}.Debug|x86.Build.0 = Debug|Any CPU
		{332D90D0-F5A0-4A86-AFED-341FF7378DE0}.Release|Any CPU.ActiveCfg = Release|Any CPU
		{332D90D0-F5A0-4A86-AFED-341FF7378DE0}.Release|Any CPU.Build.0 = Release|Any CPU
		{332D90D0-F5A0-4A86-AFED-341FF7378DE0}.Release|x64.ActiveCfg = Release|Any CPU
		{332D90D0-F5A0-4A86-AFED-341FF7378DE0}.Release|x64.Build.0 = Release|Any CPU
		{332D90D0-F5A0-4A86-AFED-341FF7378DE0}.Release|x86.ActiveCfg = Release|Any CPU
		{332D90D0-F5A0-4A86-AFED-341FF7378DE0}.Release|x86.Build.0 = Release|Any CPU
		{44AABE95-3C75-4AF5-BDEC-FEEFE89012A6}.Debug|Any CPU.ActiveCfg = Debug|Any CPU
		{44AABE95-3C75-4AF5-BDEC-FEEFE89012A6}.Debug|Any CPU.Build.0 = Debug|Any CPU
		{44AABE95-3C75-4AF5-BDEC-FEEFE89012A6}.Debug|x64.ActiveCfg = Debug|Any CPU
		{44AABE95-3C75-4AF5-BDEC-FEEFE89012A6}.Debug|x64.Build.0 = Debug|Any CPU
		{44AABE95-3C75-4AF5-BDEC-FEEFE89012A6}.Debug|x86.ActiveCfg = Debug|Any CPU
		{44AABE95-3C75-4AF5-BDEC-FEEFE89012A6}.Debug|x86.Build.0 = Debug|Any CPU
		{44AABE95-3C75-4AF5-BDEC-FEEFE89012A6}.Release|Any CPU.ActiveCfg = Release|Any CPU
		{44AABE95-3C75-4AF5-BDEC-FEEFE89012A6}.Release|Any CPU.Build.0 = Release|Any CPU
		{44AABE95-3C75-4AF5-BDEC-FEEFE89012A6}.Release|x64.ActiveCfg = Release|Any CPU
		{44AABE95-3C75-4AF5-BDEC-FEEFE89012A6}.Release|x64.Build.0 = Release|Any CPU
		{44AABE95-3C75-4AF5-BDEC-FEEFE89012A6}.Release|x86.ActiveCfg = Release|Any CPU
		{44AABE95-3C75-4AF5-BDEC-FEEFE89012A6}.Release|x86.Build.0 = Release|Any CPU
		{5D9AF55F-2EE6-43A2-9860-B3E29F0CBCD7}.Debug|Any CPU.ActiveCfg = Debug|Any CPU
		{5D9AF55F-2EE6-43A2-9860-B3E29F0CBCD7}.Debug|Any CPU.Build.0 = Debug|Any CPU
		{5D9AF55F-2EE6-43A2-9860-B3E29F0CBCD7}.Debug|x64.ActiveCfg = Debug|Any CPU
		{5D9AF55F-2EE6-43A2-9860-B3E29F0CBCD7}.Debug|x64.Build.0 = Debug|Any CPU
		{5D9AF55F-2EE6-43A2-9860-B3E29F0CBCD7}.Debug|x86.ActiveCfg = Debug|Any CPU
		{5D9AF55F-2EE6-43A2-9860-B3E29F0CBCD7}.Debug|x86.Build.0 = Debug|Any CPU
		{5D9AF55F-2EE6-43A2-9860-B3E29F0CBCD7}.Release|Any CPU.ActiveCfg = Release|Any CPU
		{5D9AF55F-2EE6-43A2-9860-B3E29F0CBCD7}.Release|Any CPU.Build.0 = Release|Any CPU
		{5D9AF55F-2EE6-43A2-9860-B3E29F0CBCD7}.Release|x64.ActiveCfg = Release|Any CPU
		{5D9AF55F-2EE6-43A2-9860-B3E29F0CBCD7}.Release|x64.Build.0 = Release|Any CPU
		{5D9AF55F-2EE6-43A2-9860-B3E29F0CBCD7}.Release|x86.ActiveCfg = Release|Any CPU
		{5D9AF55F-2EE6-43A2-9860-B3E29F0CBCD7}.Release|x86.Build.0 = Release|Any CPU
		{4EAB009C-A8B4-435F-ADB9-492CBCB9239C}.Debug|Any CPU.ActiveCfg = Debug|Any CPU
		{4EAB009C-A8B4-435F-ADB9-492CBCB9239C}.Debug|Any CPU.Build.0 = Debug|Any CPU
		{4EAB009C-A8B4-435F-ADB9-492CBCB9239C}.Debug|x64.ActiveCfg = Debug|Any CPU
		{4EAB009C-A8B4-435F-ADB9-492CBCB9239C}.Debug|x64.Build.0 = Debug|Any CPU
		{4EAB009C-A8B4-435F-ADB9-492CBCB9239C}.Debug|x86.ActiveCfg = Debug|Any CPU
		{4EAB009C-A8B4-435F-ADB9-492CBCB9239C}.Debug|x86.Build.0 = Debug|Any CPU
		{4EAB009C-A8B4-435F-ADB9-492CBCB9239C}.Release|Any CPU.ActiveCfg = Release|Any CPU
		{4EAB009C-A8B4-435F-ADB9-492CBCB9239C}.Release|Any CPU.Build.0 = Release|Any CPU
		{4EAB009C-A8B4-435F-ADB9-492CBCB9239C}.Release|x64.ActiveCfg = Release|Any CPU
		{4EAB009C-A8B4-435F-ADB9-492CBCB9239C}.Release|x64.Build.0 = Release|Any CPU
		{4EAB009C-A8B4-435F-ADB9-492CBCB9239C}.Release|x86.ActiveCfg = Release|Any CPU
		{4EAB009C-A8B4-435F-ADB9-492CBCB9239C}.Release|x86.Build.0 = Release|Any CPU
		{53A32953-C482-4D54-8C6C-527551EEAB93}.Debug|Any CPU.ActiveCfg = Debug|Any CPU
		{53A32953-C482-4D54-8C6C-527551EEAB93}.Debug|Any CPU.Build.0 = Debug|Any CPU
		{53A32953-C482-4D54-8C6C-527551EEAB93}.Debug|x64.ActiveCfg = Debug|Any CPU
		{53A32953-C482-4D54-8C6C-527551EEAB93}.Debug|x64.Build.0 = Debug|Any CPU
		{53A32953-C482-4D54-8C6C-527551EEAB93}.Debug|x86.ActiveCfg = Debug|Any CPU
		{53A32953-C482-4D54-8C6C-527551EEAB93}.Debug|x86.Build.0 = Debug|Any CPU
		{53A32953-C482-4D54-8C6C-527551EEAB93}.Release|Any CPU.ActiveCfg = Release|Any CPU
		{53A32953-C482-4D54-8C6C-527551EEAB93}.Release|Any CPU.Build.0 = Release|Any CPU
		{53A32953-C482-4D54-8C6C-527551EEAB93}.Release|x64.ActiveCfg = Release|Any CPU
		{53A32953-C482-4D54-8C6C-527551EEAB93}.Release|x64.Build.0 = Release|Any CPU
		{53A32953-C482-4D54-8C6C-527551EEAB93}.Release|x86.ActiveCfg = Release|Any CPU
		{53A32953-C482-4D54-8C6C-527551EEAB93}.Release|x86.Build.0 = Release|Any CPU
	EndGlobalSection
	GlobalSection(SolutionProperties) = preSolution
		HideSolutionNode = FALSE
	EndGlobalSection
	GlobalSection(NestedProjects) = preSolution
		{5125C10A-BA50-4333-A6B8-B3F6623BAA5C} = {827E0CD3-B72D-47B6-A68D-7590B98EB39B}
		{332D90D0-F5A0-4A86-AFED-341FF7378DE0} = {B36A84DF-456D-A817-6EDD-3EC3E7F6E11F}
		{44AABE95-3C75-4AF5-BDEC-FEEFE89012A6} = {827E0CD3-B72D-47B6-A68D-7590B98EB39B}
		{5D9AF55F-2EE6-43A2-9860-B3E29F0CBCD7} = {B36A84DF-456D-A817-6EDD-3EC3E7F6E11F}
		{4EAB009C-A8B4-435F-ADB9-492CBCB9239C} = {827E0CD3-B72D-47B6-A68D-7590B98EB39B}
		{53A32953-C482-4D54-8C6C-527551EEAB93} = {827E0CD3-B72D-47B6-A68D-7590B98EB39B}
	EndGlobalSection
EndGlobal
